schema: '2.0'
stages:
  load_data:
    cmd: python load_data.pct.py
    deps:
    - path: load_data.pct.py
      md5: d167fc010595607cf9cdd162aaa47950
      size: 1574
    outs:
    - path: ../data/interim/model_dev_data.pkl
      md5: e57956bf5443ed65d2ac86257b074dbb
      size: 16631
  train:
    cmd: python -m hamlops.train
    deps:
    - path: data/interim/model_dev_data.pkl
      md5: e57956bf5443ed65d2ac86257b074dbb
      size: 16631
    outs:
    - path: models/model.pkl
      md5: e6a450e9e9d4bf8848ec4334798c7963
      size: 3833
    - path: score.json
      md5: 5af8a516d44fdd2b3258dd88e0108ba4
      size: 32
